// !$*UTF8*$!
{
	archiveVersion = 1;
	classes = {
	};
	objectVersion = 46;
	objects = {

/* Begin PBXBuildFile section */
		1A52075D1BD741C9009D167A /* AppDelegate.swift in Sources */ = {isa = PBXBuildFile; fileRef = 1A52075C1BD741C9009D167A /* AppDelegate.swift */; };
		1A52075F1BD741C9009D167A /* ViewController.swift in Sources */ = {isa = PBXBuildFile; fileRef = 1A52075E1BD741C9009D167A /* ViewController.swift */; };
		1A5207621BD741C9009D167A /* Main.storyboard in Resources */ = {isa = PBXBuildFile; fileRef = 1A5207601BD741C9009D167A /* Main.storyboard */; };
		1A5207641BD741C9009D167A /* Images.xcassets in Resources */ = {isa = PBXBuildFile; fileRef = 1A5207631BD741C9009D167A /* Images.xcassets */; };
		1A5207671BD741C9009D167A /* LaunchScreen.xib in Resources */ = {isa = PBXBuildFile; fileRef = 1A5207651BD741C9009D167A /* LaunchScreen.xib */; };
		1A5207731BD741C9009D167A /* MailboxTests.swift in Sources */ = {isa = PBXBuildFile; fileRef = 1A5207721BD741C9009D167A /* MailboxTests.swift */; };
/* End PBXBuildFile section */

/* Begin PBXContainerItemProxy section */
		1A52076D1BD741C9009D167A /* PBXContainerItemProxy */ = {
			isa = PBXContainerItemProxy;
			containerPortal = 1A52074F1BD741C9009D167A /* Project object */;
			proxyType = 1;
			remoteGlobalIDString = 1A5207561BD741C9009D167A;
			remoteInfo = Mailbox;
		};
/* End PBXContainerItemProxy section */

/* Begin PBXFileReference section */
		1A5207571BD741C9009D167A /* Mailbox.app */ = {isa = PBXFileReference; explicitFileType = wrapper.application; includeInIndex = 0; path = Mailbox.app; sourceTree = BUILT_PRODUCTS_DIR; };
		1A52075B1BD741C9009D167A /* Info.plist */ = {isa = PBXFileReference; lastKnownFileType = text.plist.xml; path = Info.plist; sourceTree = "<group>"; };
		1A52075C1BD741C9009D167A /* AppDelegate.swift */ = {isa = PBXFileReference; lastKnownFileType = sourcecode.swift; path = AppDelegate.swift; sourceTree = "<group>"; };
		1A52075E1BD741C9009D167A /* ViewController.swift */ = {isa = PBXFileReference; lastKnownFileType = sourcecode.swift; path = ViewController.swift; sourceTree = "<group>"; };
		1A5207611BD741C9009D167A /* Base */ = {isa = PBXFileReference; lastKnownFileType = file.storyboard; name = Base; path = Base.lproj/Main.storyboard; sourceTree = "<group>"; };
		1A5207631BD741C9009D167A /* Images.xcassets */ = {isa = PBXFileReference; lastKnownFileType = folder.assetcatalog; path = Images.xcassets; sourceTree = "<group>"; };
		1A5207661BD741C9009D167A /* Base */ = {isa = PBXFileReference; lastKnownFileType = file.xib; name = Base; path = Base.lproj/LaunchScreen.xib; sourceTree = "<group>"; };
		1A52076C1BD741C9009D167A /* MailboxTests.xctest */ = {isa = PBXFileReference; explicitFileType = wrapper.cfbundle; includeInIndex = 0; path = MailboxTests.xctest; sourceTree = BUILT_PRODUCTS_DIR; };
		1A5207711BD741C9009D167A /* Info.plist */ = {isa = PBXFileReference; lastKnownFileType = text.plist.xml; path = Info.plist; sourceTree = "<group>"; };
		1A5207721BD741C9009D167A /* MailboxTests.swift */ = {isa = PBXFileReference; lastKnownFileType = sourcecode.swift; path = MailboxTests.swift; sourceTree = "<group>"; };
/* End PBXFileReference section */

/* Begin PBXFrameworksBuildPhase section */
		1A5207541BD741C9009D167A /* Frameworks */ = {
			isa = PBXFrameworksBuildPhase;
			buildActionMask = 2147483647;
			files = (
			);
			runOnlyForDeploymentPostprocessing = 0;
		};
		1A5207691BD741C9009D167A /* Frameworks */ = {
			isa = PBXFrameworksBuildPhase;
			buildActionMask = 2147483647;
			files = (
			);
			runOnlyForDeploymentPostprocessing = 0;
		};
/* End PBXFrameworksBuildPhase section */

/* Begin PBXGroup section */
		1A52074E1BD741C9009D167A = {
			isa = PBXGroup;
			children = (
				1A5207591BD741C9009D167A /* Mailbox */,
				1A52076F1BD741C9009D167A /* MailboxTests */,
				1A5207581BD741C9009D167A /* Products */,
			);
			sourceTree = "<group>";
		};
		1A5207581BD741C9009D167A /* Products */ = {
			isa = PBXGroup;
			children = (
				1A5207571BD741C9009D167A /* Mailbox.app */,
				1A52076C1BD741C9009D167A /* MailboxTests.xctest */,
			);
			name = Products;
			sourceTree = "<group>";
		};
		1A5207591BD741C9009D167A /* Mailbox */ = {
			isa = PBXGroup;
			children = (
				1A52075C1BD741C9009D167A /* AppDelegate.swift */,
				1A52075E1BD741C9009D167A /* ViewController.swift */,
				1A5207601BD741C9009D167A /* Main.storyboard */,
				1A5207631BD741C9009D167A /* Images.xcassets */,
				1A5207651BD741C9009D167A /* LaunchScreen.xib */,
				1A52075A1BD741C9009D167A /* Supporting Files */,
			);
			path = Mailbox;
			sourceTree = "<group>";
		};
		1A52075A1BD741C9009D167A /* Supporting Files */ = {
			isa = PBXGroup;
			children = (
				1A52075B1BD741C9009D167A /* Info.plist */,
			);
			name = "Supporting Files";
			sourceTree = "<group>";
		};
		1A52076F1BD741C9009D167A /* MailboxTests */ = {
			isa = PBXGroup;
			children = (
				1A5207721BD741C9009D167A /* MailboxTests.swift */,
				1A5207701BD741C9009D167A /* Supporting Files */,
			);
			path = MailboxTests;
			sourceTree = "<group>";
		};
		1A5207701BD741C9009D167A /* Supporting Files */ = {
			isa = PBXGroup;
			children = (
				1A5207711BD741C9009D167A /* Info.plist */,
			);
			name = "Supporting Files";
			sourceTree = "<group>";
		};
/* End PBXGroup section */

/* Begin PBXNativeTarget section */
		1A5207561BD741C9009D167A /* Mailbox */ = {
			isa = PBXNativeTarget;
			buildConfigurationList = 1A5207761BD741C9009D167A /* Build configuration list for PBXNativeTarget "Mailbox" */;
			buildPhases = (
				1A5207531BD741C9009D167A /* Sources */,
				1A5207541BD741C9009D167A /* Frameworks */,
				1A5207551BD741C9009D167A /* Resources */,
			);
			buildRules = (
			);
			dependencies = (
			);
			name = Mailbox;
			productName = Mailbox;
			productReference = 1A5207571BD741C9009D167A /* Mailbox.app */;
			productType = "com.apple.product-type.application";
		};
		1A52076B1BD741C9009D167A /* MailboxTests */ = {
			isa = PBXNativeTarget;
			buildConfigurationList = 1A5207791BD741C9009D167A /* Build configuration list for PBXNativeTarget "MailboxTests" */;
			buildPhases = (
				1A5207681BD741C9009D167A /* Sources */,
				1A5207691BD741C9009D167A /* Frameworks */,
				1A52076A1BD741C9009D167A /* Resources */,
			);
			buildRules = (
			);
			dependencies = (
				1A52076E1BD741C9009D167A /* PBXTargetDependency */,
			);
			name = MailboxTests;
			productName = MailboxTests;
			productReference = 1A52076C1BD741C9009D167A /* MailboxTests.xctest */;
			productType = "com.apple.product-type.bundle.unit-test";
		};
/* End PBXNativeTarget section */

/* Begin PBXProject section */
		1A52074F1BD741C9009D167A /* Project object */ = {
			isa = PBXProject;
			attributes = {
				LastUpgradeCheck = 0610;
				ORGANIZATIONNAME = "Piers Yem";
				TargetAttributes = {
					1A5207561BD741C9009D167A = {
						CreatedOnToolsVersion = 6.1;
					};
					1A52076B1BD741C9009D167A = {
						CreatedOnToolsVersion = 6.1;
						TestTargetID = 1A5207561BD741C9009D167A;
					};
				};
			};
			buildConfigurationList = 1A5207521BD741C9009D167A /* Build configuration list for PBXProject "Mailbox" */;
			compatibilityVersion = "Xcode 3.2";
			developmentRegion = English;
			hasScannedForEncodings = 0;
			knownRegions = (
				en,
				Base,
			);
			mainGroup = 1A52074E1BD741C9009D167A;
			productRefGroup = 1A5207581BD741C9009D167A /* Products */;
			projectDirPath = "";
			projectRoot = "";
			targets = (
				1A5207561BD741C9009D167A /* Mailbox */,
				1A52076B1BD741C9009D167A /* MailboxTests */,
			);
		};
/* End PBXProject section */

/* Begin PBXResourcesBuildPhase section */
		1A5207551BD741C9009D167A /* Resources */ = {
			isa = PBXResourcesBuildPhase;
			buildActionMask = 2147483647;
			files = (
				1A5207621BD741C9009D167A /* Main.storyboard in Resources */,
				1A5207671BD741C9009D167A /* LaunchScreen.xib in Resources */,
				1A5207641BD741C9009D167A /* Images.xcassets in Resources */,
			);
			runOnlyForDeploymentPostprocessing = 0;
		};
		1A52076A1BD741C9009D167A /* Resources */ = {
			isa = PBXResourcesBuildPhase;
			buildActionMask = 2147483647;
			files = (
			);
			runOnlyForDeploymentPostprocessing = 0;
		};
/* End PBXResourcesBuildPhase section */

/* Begin PBXSourcesBuildPhase section */
		1A5207531BD741C9009D167A /* Sources */ = {
			isa = PBXSourcesBuildPhase;
			buildActionMask = 2147483647;
			files = (
				1A52075F1BD741C9009D167A /* ViewController.swift in Sources */,
				1A52075D1BD741C9009D167A /* AppDelegate.swift in Sources */,
			);
			runOnlyForDeploymentPostprocessing = 0;
		};
		1A5207681BD741C9009D167A /* Sources */ = {
			isa = PBXSourcesBuildPhase;
			buildActionMask = 2147483647;
			files = (
				1A5207731BD741C9009D167A /* MailboxTests.swift in Sources */,
			);
			runOnlyForDeploymentPostprocessing = 0;
		};
/* End PBXSourcesBuildPhase section */

/* Begin PBXTargetDependency section */
		1A52076E1BD741C9009D167A /* PBXTargetDependency */ = {
			isa = PBXTargetDependency;
			target = 1A5207561BD741C9009D167A /* Mailbox */;
			targetProxy = 1A52076D1BD741C9009D167A /* PBXContainerItemProxy */;
		};
/* End PBXTargetDependency section */

/* Begin PBXVariantGroup section */
		1A5207601BD741C9009D167A /* Main.storyboard */ = {
			isa = PBXVariantGroup;
			children = (
				1A5207611BD741C9009D167A /* Base */,
			);
			name = Main.storyboard;
			sourceTree = "<group>";
		};
		1A5207651BD741C9009D167A /* LaunchScreen.xib */ = {
			isa = PBXVariantGroup;
			children = (
				1A5207661BD741C9009D167A /* Base */,
			);
			name = LaunchScreen.xib;
			sourceTree = "<group>";
		};
/* End PBXVariantGroup section */

/* Begin XCBuildConfiguration section */
		1A5207741BD741C9009D167A /* Debug */ = {
			isa = XCBuildConfiguration;
			buildSettings = {
				ALWAYS_SEARCH_USER_PATHS = NO;
				CLANG_CXX_LANGUAGE_STANDARD = "gnu++0x";
				CLANG_CXX_LIBRARY = "libc++";
				CLANG_ENABLE_MODULES = YES;
				CLANG_ENABLE_OBJC_ARC = YES;
				CLANG_WARN_BOOL_CONVERSION = YES;
				CLANG_WARN_CONSTANT_CONVERSION = YES;
				CLANG_WARN_DIRECT_OBJC_ISA_USAGE = YES_ERROR;
				CLANG_WARN_EMPTY_BODY = YES;
				CLANG_WARN_ENUM_CONVERSION = YES;
				CLANG_WARN_INT_CONVERSION = YES;
				CLANG_WARN_OBJC_ROOT_CLASS = YES_ERROR;
				CLANG_WARN_UNREACHABLE_CODE = YES;
				CLANG_WARN__DUPLICATE_METHOD_MATCH = YES;
				"CODE_SIGN_IDENTITY[sdk=iphoneos*]" = "iPhone Developer";
				COPY_PHASE_STRIP = NO;
				ENABLE_STRICT_OBJC_MSGSEND = YES;
				GCC_C_LANGUAGE_STANDARD = gnu99;
				GCC_DYNAMIC_NO_PIC = NO;
				GCC_OPTIMIZATION_LEVEL = 0;
				GCC_PREPROCESSOR_DEFINITIONS = (
					"DEBUG=1",
					"$(inherited)",
				);
				GCC_SYMBOLS_PRIVATE_EXTERN = NO;
				GCC_WARN_64_TO_32_BIT_CONVERSION = YES;
				GCC_WARN_ABOUT_RETURN_TYPE = YES_ERROR;
				GCC_WARN_UNDECLARED_SELECTOR = YES;
				GCC_WARN_UNINITIALIZED_AUTOS = YES_AGGRESSIVE;
				GCC_WARN_UNUSED_FUNCTION = YES;
				GCC_WARN_UNUSED_VARIABLE = YES;
				IPHONEOS_DEPLOYMENT_TARGET = 8.1;
				MTL_ENABLE_DEBUG_INFO = YES;
				ONLY_ACTIVE_ARCH = YES;
				SDKROOT = iphoneos;
				SWIFT_OPTIMIZATION_LEVEL = "-Onone";
			};
			name = Debug;
		};
		1A5207751BD741C9009D167A /* Release */ = {
			isa = XCBuildConfiguration;
			buildSettings = {
				ALWAYS_SEARCH_USER_PATHS = NO;
				CLANG_CXX_LANGUAGE_STANDARD = "gnu++0x";
				CLANG_CXX_LIBRARY = "libc++";
				CLANG_ENABLE_MODULES = YES;
				CLANG_ENABLE_OBJC_ARC = YES;
				CLANG_WARN_BOOL_CONVERSION = YES;
				CLANG_WARN_CONSTANT_CONVERSION = YES;
				CLANG_WARN_DIRECT_OBJC_ISA_USAGE = YES_ERROR;
				CLANG_WARN_EMPTY_BODY = YES;
				CLANG_WARN_ENUM_CONVERSION = YES;
				CLANG_WARN_INT_CONVERSION = YES;
				CLANG_WARN_OBJC_ROOT_CLASS = YES_ERROR;
				CLANG_WARN_UNREACHABLE_CODE = YES;
				CLANG_WARN__DUPLICATE_METHOD_MATCH = YES;
				"CODE_SIGN_IDENTITY[sdk=iphoneos*]" = "iPhone Developer";
				COPY_PHASE_STRIP = YES;
				ENABLE_NS_ASSERTIONS = NO;
				ENABLE_STRICT_OBJC_MSGSEND = YES;
				GCC_C_LANGUAGE_STANDARD = gnu99;
				GCC_WARN_64_TO_32_BIT_CONVERSION = YES;
				GCC_WARN_ABOUT_RETURN_TYPE = YES_ERROR;
				GCC_WARN_UNDECLARED_SELECTOR = YES;
				GCC_WARN_UNINITIALIZED_AUTOS = YES_AGGRESSIVE;
				GCC_WARN_UNUSED_FUNCTION = YES;
				GCC_WARN_UNUSED_VARIABLE = YES;
				IPHONEOS_DEPLOYMENT_TARGET = 8.1;
				MTL_ENABLE_DEBUG_INFO = NO;
				SDKROOT = iphoneos;
				VALIDATE_PRODUCT = YES;
			};
			name = Release;
		};
		1A5207771BD741C9009D167A /* Debug */ = {
			isa = XCBuildConfiguration;
			buildSettings = {
				ASSETCATALOG_COMPILER_APPICON_NAME = AppIcon;
				INFOPLIST_FILE = Mailbox/Info.plist;
				LD_RUNPATH_SEARCH_PATHS = "$(inherited) @executable_path/Frameworks";
				PRODUCT_NAME = "$(TARGET_NAME)";
			};
			name = Debug;
		};
		1A5207781BD741C9009D167A /* Release */ = {
			isa = XCBuildConfiguration;
			buildSettings = {
				ASSETCATALOG_COMPILER_APPICON_NAME = AppIcon;
				INFOPLIST_FILE = Mailbox/Info.plist;
				LD_RUNPATH_SEARCH_PATHS = "$(inherited) @executable_path/Frameworks";
				PRODUCT_NAME = "$(TARGET_NAME)";
			};
			name = Release;
		};
		1A52077A1BD741C9009D167A /* Debug */ = {
			isa = XCBuildConfiguration;
			buildSettings = {
				BUNDLE_LOADER = "$(TEST_HOST)";
				FRAMEWORK_SEARCH_PATHS = (
					"$(SDKROOT)/Developer/Library/Frameworks",
					"$(inherited)",
				);
				GCC_PREPROCESSOR_DEFINITIONS = (
					"DEBUG=1",
					"$(inherited)",
				);
				INFOPLIST_FILE = MailboxTests/Info.plist;
				LD_RUNPATH_SEARCH_PATHS = "$(inherited) @executable_path/Frameworks @loader_path/Frameworks";
				PRODUCT_NAME = "$(TARGET_NAME)";
				TEST_HOST = "$(BUILT_PRODUCTS_DIR)/Mailbox.app/Mailbox";
			};
			name = Debug;
		};
		1A52077B1BD741C9009D167A /* Release */ = {
			isa = XCBuildConfiguration;
			buildSettings = {
				BUNDLE_LOADER = "$(TEST_HOST)";
				FRAMEWORK_SEARCH_PATHS = (
					"$(SDKROOT)/Developer/Library/Frameworks",
					"$(inherited)",
				);
				INFOPLIST_FILE = MailboxTests/Info.plist;
				LD_RUNPATH_SEARCH_PATHS = "$(inherited) @executable_path/Frameworks @loader_path/Frameworks";
				PRODUCT_NAME = "$(TARGET_NAME)";
				TEST_HOST = "$(BUILT_PRODUCTS_DIR)/Mailbox.app/Mailbox";
			};
			name = Release;
		};
/* End XCBuildConfiguration section */

/* Begin XCConfigurationList section */
		1A5207521BD741C9009D167A /* Build configuration list for PBXProject "Mailbox" */ = {
			isa = XCConfigurationList;
			buildConfigurations = (
				1A5207741BD741C9009D167A /* Debug */,
				1A5207751BD741C9009D167A /* Release */,
			);
			defaultConfigurationIsVisible = 0;
			defaultConfigurationName = Release;
		};
		1A5207761BD741C9009D167A /* Build configuration list for PBXNativeTarget "Mailbox" */ = {
			isa = XCConfigurationList;
			buildConfigurations = (
				1A5207771BD741C9009D167A /* Debug */,
				1A5207781BD741C9009D167A /* Release */,
			);
			defaultConfigurationIsVisible = 0;
		};
		1A5207791BD741C9009D167A /* Build configuration list for PBXNativeTarget "MailboxTests" */ = {
			isa = XCConfigurationList;
			buildConfigurations = (
				1A52077A1BD741C9009D167A /* Debug */,
				1A52077B1BD741C9009D167A /* Release */,
			);
			defaultConfigurationIsVisible = 0;
		};
/* End XCConfigurationList section */
	};
	rootObject = 1A52074F1BD741C9009D167A /* Project object */;
}
